
Microsoft Visual Studio Solution File, Format Version 12.00
# Visual Studio Version 17
VisualStudioVersion = 17.10.35122.118
MinimumVisualStudioVersion = 10.0.40219.1
Project("{2150E333-8FDC-42A3-9474-1A3956D46DE8}") = "Behavioural", "Behavioural", "{44AD89C4-D31A-448B-9B56-40EC414BA0E7}"
EndProject
Project("{FAE04EC0-301F-11D3-BF4B-00C04F79EFBC}") = "Mediator", "Behavioural\Mediator\Mediator.csproj", "{925317AF-8204-4F9A-941B-710E9D208D7A}"
EndProject
Global
	GlobalSection(SolutionConfigurationPlatforms) = preSolution
		Debug|Any CPU = Debug|Any CPU
		Release|Any CPU = Release|Any CPU
	EndGlobalSection
	GlobalSection(ProjectConfigurationPlatforms) = postSolution
		{925317AF-8204-4F9A-941B-710E9D208D7A}.Debug|Any CPU.ActiveCfg = Debug|Any CPU
		{925317AF-8204-4F9A-941B-710E9D208D7A}.Debug|Any CPU.Build.0 = Debug|Any CPU
		{925317AF-8204-4F9A-941B-710E9D208D7A}.Release|Any CPU.ActiveCfg = Release|Any CPU
		{925317AF-8204-4F9A-941B-710E9D208D7A}.Release|Any CPU.Build.0 = Release|Any CPU
	EndGlobalSection
	GlobalSection(SolutionProperties) = preSolution
		HideSolutionNode = FALSE
	EndGlobalSection
	GlobalSection(NestedProjects) = preSolution
		{925317AF-8204-4F9A-941B-710E9D208D7A} = {44AD89C4-D31A-448B-9B56-40EC414BA0E7}
	EndGlobalSection
	GlobalSection(ExtensibilityGlobals) = postSolution
		SolutionGuid = {818184A3-4E70-4474-BAF7-9CA18E4A3EDE}
	EndGlobalSection
EndGlobal
